
Microsoft Visual Studio Solution File, Format Version 12.00
# Visual Studio Version 16
VisualStudioVersion = 16.0.31729.503
MinimumVisualStudioVersion = 10.0.40219.1
Project("{FAE04EC0-301F-11D3-BF4B-00C04F79EFBC}") = "ZAD2", "ZAD2\ZAD2.csproj", "{825C5169-69D5-4FCB-B286-37D492232E21}"
EndProject
Global
	GlobalSection(SolutionConfigurationPlatforms) = preSolution
		Debug|Any CPU = Debug|Any CPU
		Release|Any CPU = Release|Any CPU
	EndGlobalSection
	GlobalSection(ProjectConfigurationPlatforms) = postSolution
		{825C5169-69D5-4FCB-B286-37D492232E21}.Debug|Any CPU.ActiveCfg = Debug|Any CPU
		{825C5169-69D5-4FCB-B286-37D492232E21}.Debug|Any CPU.Build.0 = Debug|Any CPU
		{825C5169-69D5-4FCB-B286-37D492232E21}.Release|Any CPU.ActiveCfg = Release|Any CPU
		{825C5169-69D5-4FCB-B286-37D492232E21}.Release|Any CPU.Build.0 = Release|Any CPU
	EndGlobalSection
	GlobalSection(SolutionProperties) = preSolution
		HideSolutionNode = FALSE
	EndGlobalSection
	GlobalSection(ExtensibilityGlobals) = postSolution
		SolutionGuid = {0EAB1455-A6EC-4ADD-99E3-C0217A7BA274}
	EndGlobalSection
EndGlobal
